# THIS IS AN AUTOGENERATED FILE. DO NOT EDIT THIS FILE DIRECTLY.
# yarn lockfile v1


cookie-universal@^1.0.14:
  version "1.0.14"
  resolved "https://registry.yarnpkg.com/cookie-universal/-/cookie-universal-1.0.14.tgz#d45a1ce34179c1f5841575b936bf87e957a70798"
  dependencies:
    cookie "^0.3.1"

cookie@^0.3.1:
  version "0.3.1"
  resolved "https://registry.yarnpkg.com/cookie/-/cookie-0.3.1.tgz#e7e0a1f9ef43b4c8ba925c5c5a96e806d16873bb"
